// !$*UTF8*$!
{
	archiveVersion = 1;
	classes = {
	};
	objectVersion = 46;
	objects = {

/* Begin PBXBuildFile section */
		DAA95F031D255573009FA590 /* AppDelegate.swift in Sources */ = {isa = PBXBuildFile; fileRef = DAA95F021D255573009FA590 /* AppDelegate.swift */; };
		DAA95F051D255573009FA590 /* ViewController.swift in Sources */ = {isa = PBXBuildFile; fileRef = DAA95F041D255573009FA590 /* ViewController.swift */; };
		DAA95F081D255573009FA590 /* Main.storyboard in Resources */ = {isa = PBXBuildFile; fileRef = DAA95F061D255573009FA590 /* Main.storyboard */; };
		DAA95F0A1D255573009FA590 /* Assets.xcassets in Resources */ = {isa = PBXBuildFile; fileRef = DAA95F091D255573009FA590 /* Assets.xcassets */; };
		DAA95F0D1D255573009FA590 /* LaunchScreen.storyboard in Resources */ = {isa = PBXBuildFile; fileRef = DAA95F0B1D255573009FA590 /* LaunchScreen.storyboard */; };
/* End PBXBuildFile section */

/* Begin PBXFileReference section */
		DAA95EFF1D255573009FA590 /* AddressBook.app */ = {isa = PBXFileReference; explicitFileType = wrapper.application; includeInIndex = 0; path = AddressBook.app; sourceTree = BUILT_PRODUCTS_DIR; };
		DAA95F021D255573009FA590 /* AppDelegate.swift */ = {isa = PBXFileReference; lastKnownFileType = sourcecode.swift; path = AppDelegate.swift; sourceTree = "<group>"; };
		DAA95F041D255573009FA590 /* ViewController.swift */ = {isa = PBXFileReference; lastKnownFileType = sourcecode.swift; path = ViewController.swift; sourceTree = "<group>"; };
		DAA95F071D255573009FA590 /* Base */ = {isa = PBXFileReference; lastKnownFileType = file.storyboard; name = Base; path = Base.lproj/Main.storyboard; sourceTree = "<group>"; };
		DAA95F091D255573009FA590 /* Assets.xcassets */ = {isa = PBXFileReference; lastKnownFileType = folder.assetcatalog; path = Assets.xcassets; sourceTree = "<group>"; };
		DAA95F0C1D255573009FA590 /* Base */ = {isa = PBXFileReference; lastKnownFileType = file.storyboard; name = Base; path = Base.lproj/LaunchScreen.storyboard; sourceTree = "<group>"; };
		DAA95F0E1D255573009FA590 /* Info.plist */ = {isa = PBXFileReference; lastKnownFileType = text.plist.xml; path = Info.plist; sourceTree = "<group>"; };
/* End PBXFileReference section */

/* Begin PBXFrameworksBuildPhase section */
		DAA95EFC1D255573009FA590 /* Frameworks */ = {
			isa = PBXFrameworksBuildPhase;
			buildActionMask = 2147483647;
			files = (
			);
			runOnlyForDeploymentPostprocessing = 0;
		};
/* End PBXFrameworksBuildPhase section */

/* Begin PBXGroup section */
		DAA95EF61D255573009FA590 = {
			isa = PBXGroup;
			children = (
				DAA95F011D255573009FA590 /* AddressBook */,
				DAA95F001D255573009FA590 /* Products */,
			);
			sourceTree = "<group>";
		};
		DAA95F001D255573009FA590 /* Products */ = {
			isa = PBXGroup;
			children = (
				DAA95EFF1D255573009FA590 /* AddressBook.app */,
			);
			name = Products;
			sourceTree = "<group>";
		};
		DAA95F011D255573009FA590 /* AddressBook */ = {
			isa = PBXGroup;
			children = (
				DAA95F021D255573009FA590 /* AppDelegate.swift */,
				DAA95F041D255573009FA590 /* ViewController.swift */,
				DAA95F061D255573009FA590 /* Main.storyboard */,
				DAA95F091D255573009FA590 /* Assets.xcassets */,
				DAA95F0B1D255573009FA590 /* LaunchScreen.storyboard */,
				DAA95F0E1D255573009FA590 /* Info.plist */,
			);
			path = AddressBook;
			sourceTree = "<group>";
		};
/* End PBXGroup section */

/* Begin PBXNativeTarget section */
		DAA95EFE1D255573009FA590 /* AddressBook */ = {
			isa = PBXNativeTarget;
			buildConfigurationList = DAA95F111D255573009FA590 /* Build configuration list for PBXNativeTarget "AddressBook" */;
			buildPhases = (
				DAA95EFB1D255573009FA590 /* Sources */,
				DAA95EFC1D255573009FA590 /* Frameworks */,
				DAA95EFD1D255573009FA590 /* Resources */,
			);
			buildRules = (
			);
			dependencies = (
			);
			name = AddressBook;
			productName = AddressBook;
			productReference = DAA95EFF1D255573009FA590 /* AddressBook.app */;
			productType = "com.apple.product-type.application";
		};
/* End PBXNativeTarget section */

/* Begin PBXProject section */
		DAA95EF71D255573009FA590 /* Project object */ = {
			isa = PBXProject;
			attributes = {
				LastSwiftUpdateCheck = 0730;
				LastUpgradeCheck = 0730;
				ORGANIZATIONNAME = Montchat;
				TargetAttributes = {
					DAA95EFE1D255573009FA590 = {
						CreatedOnToolsVersion = 7.3;
					};
				};
			};
			buildConfigurationList = DAA95EFA1D255573009FA590 /* Build configuration list for PBXProject "AddressBook" */;
			compatibilityVersion = "Xcode 3.2";
			developmentRegion = English;
			hasScannedForEncodings = 0;
			knownRegions = (
				en,
				Base,
			);
			mainGroup = DAA95EF61D255573009FA590;
			productRefGroup = DAA95F001D255573009FA590 /* Products */;
			projectDirPath = "";
			projectRoot = "";
			targets = (
				DAA95EFE1D255573009FA590 /* AddressBook */,
			);
		};
/* End PBXProject section */

/* Begin PBXResourcesBuildPhase section */
		DAA95EFD1D255573009FA590 /* Resources */ = {
			isa = PBXResourcesBuildPhase;
			buildActionMask = 2147483647;
			files = (
				DAA95F0D1D255573009FA590 /* LaunchScreen.storyboard in Resources */,
				DAA95F0A1D255573009FA590 /* Assets.xcassets in Resources */,
				DAA95F081D255573009FA590 /* Main.storyboard in Resources */,
			);
			runOnlyForDeploymentPostprocessing = 0;
		};
/* End PBXResourcesBuildPhase section */

/* Begin PBXSourcesBuildPhase section */
		DAA95EFB1D255573009FA590 /* Sources */ = {
			isa = PBXSourcesBuildPhase;
			buildActionMask = 2147483647;
			files = (
				DAA95F051D255573009FA590 /* ViewController.swift in Sources */,
				DAA95F031D255573009FA590 /* AppDelegate.swift in Sources */,
			);
			runOnlyForDeploymentPostprocessing = 0;
		};
/* End PBXSourcesBuildPhase section */

/* Begin PBXVariantGroup section */
		DAA95F061D255573009FA590 /* Main.storyboard */ = {
			isa = PBXVariantGroup;
			children = (
				DAA95F071D255573009FA590 /* Base */,
			);
			name = Main.storyboard;
			sourceTree = "<group>";
		};
		DAA95F0B1D255573009FA590 /* LaunchScreen.storyboard */ = {
			isa = PBXVariantGroup;
			children = (
				DAA95F0C1D255573009FA590 /* Base */,
			);
			name = LaunchScreen.storyboard;
			sourceTree = "<group>";
		};
/* End PBXVariantGroup section */

/* Begin XCBuildConfiguration section */
		DAA95F0F1D255573009FA590 /* Debug */ = {
			isa = XCBuildConfiguration;
			buildSettings = {
				ALWAYS_SEARCH_USER_PATHS = NO;
				CLANG_ANALYZER_NONNULL = YES;
				CLANG_CXX_LANGUAGE_STANDARD = "gnu++0x";
				CLANG_CXX_LIBRARY = "libc++";
				CLANG_ENABLE_MODULES = YES;
				CLANG_ENABLE_OBJC_ARC = YES;
				CLANG_WARN_BOOL_CONVERSION = YES;
				CLANG_WARN_CONSTANT_CONVERSION = YES;
				CLANG_WARN_DIRECT_OBJC_ISA_USAGE = YES_ERROR;
				CLANG_WARN_EMPTY_BODY = YES;
				CLANG_WARN_ENUM_CONVERSION = YES;
				CLANG_WARN_INT_CONVERSION = YES;
				CLANG_WARN_OBJC_ROOT_CLASS = YES_ERROR;
				CLANG_WARN_UNREACHABLE_CODE = YES;
				CLANG_WARN__DUPLICATE_METHOD_MATCH = YES;
				"CODE_SIGN_IDENTITY[sdk=iphoneos*]" = "iPhone Developer";
				COPY_PHASE_STRIP = NO;
				DEBUG_INFORMATION_FORMAT = dwarf;
				ENABLE_STRICT_OBJC_MSGSEND = YES;
				ENABLE_TESTABILITY = YES;
				GCC_C_LANGUAGE_STANDARD = gnu99;
				GCC_DYNAMIC_NO_PIC = NO;
				GCC_NO_COMMON_BLOCKS = YES;
				GCC_OPTIMIZATION_LEVEL = 0;
				GCC_PREPROCESSOR_DEFINITIONS = (
					"DEBUG=1",
					"$(inherited)",
				);
				GCC_WARN_64_TO_32_BIT_CONVERSION = YES;
				GCC_WARN_ABOUT_RETURN_TYPE = YES_ERROR;
				GCC_WARN_UNDECLARED_SELECTOR = YES;
				GCC_WARN_UNINITIALIZED_AUTOS = YES_AGGRESSIVE;
				GCC_WARN_UNUSED_FUNCTION = YES;
				GCC_WARN_UNUSED_VARIABLE = YES;
				IPHONEOS_DEPLOYMENT_TARGET = 9.3;
				MTL_ENABLE_DEBUG_INFO = YES;
				ONLY_ACTIVE_ARCH = YES;
				SDKROOT = iphoneos;
				SWIFT_OPTIMIZATION_LEVEL = "-Onone";
				TARGETED_DEVICE_FAMILY = "1,2";
			};
			name = Debug;
		};
		DAA95F101D255573009FA590 /* Release */ = {
			isa = XCBuildConfiguration;
			buildSettings = {
				ALWAYS_SEARCH_USER_PATHS = NO;
				CLANG_ANALYZER_NONNULL = YES;
				CLANG_CXX_LANGUAGE_STANDARD = "gnu++0x";
				CLANG_CXX_LIBRARY = "libc++";
				CLANG_ENABLE_MODULES = YES;
				CLANG_ENABLE_OBJC_ARC = YES;
				CLANG_WARN_BOOL_CONVERSION = YES;
				CLANG_WARN_CONSTANT_CONVERSION = YES;
				CLANG_WARN_DIRECT_OBJC_ISA_USAGE = YES_ERROR;
				CLANG_WARN_EMPTY_BODY = YES;
				CLANG_WARN_ENUM_CONVERSION = YES;
				CLANG_WARN_INT_CONVERSION = YES;
				CLANG_WARN_OBJC_ROOT_CLASS = YES_ERROR;
				CLANG_WARN_UNREACHABLE_CODE = YES;
				CLANG_WARN__DUPLICATE_METHOD_MATCH = YES;
				"CODE_SIGN_IDENTITY[sdk=iphoneos*]" = "iPhone Developer";
				COPY_PHASE_STRIP = NO;
				DEBUG_INFORMATION_FORMAT = "dwarf-with-dsym";
				ENABLE_NS_ASSERTIONS = NO;
				ENABLE_STRICT_OBJC_MSGSEND = YES;
				GCC_C_LANGUAGE_STANDARD = gnu99;
				GCC_NO_COMMON_BLOCKS = YES;
				GCC_WARN_64_TO_32_BIT_CONVERSION = YES;
				GCC_WARN_ABOUT_RETURN_TYPE = YES_ERROR;
				GCC_WARN_UNDECLARED_SELECTOR = YES;
				GCC_WARN_UNINITIALIZED_AUTOS = YES_AGGRESSIVE;
				GCC_WARN_UNUSED_FUNCTION = YES;
				GCC_WARN_UNUSED_VARIABLE = YES;
				IPHONEOS_DEPLOYMENT_TARGET = 9.3;
				MTL_ENABLE_DEBUG_INFO = NO;
				SDKROOT = iphoneos;
				TARGETED_DEVICE_FAMILY = "1,2";
				VALIDATE_PRODUCT = YES;
			};
			name = Release;
		};
		DAA95F121D255573009FA590 /* Debug */ = {
			isa = XCBuildConfiguration;
			buildSettings = {
				ASSETCATALOG_COMPILER_APPICON_NAME = AppIcon;
				INFOPLIST_FILE = AddressBook/Info.plist;
				LD_RUNPATH_SEARCH_PATHS = "$(inherited) @executable_path/Frameworks";
				PRODUCT_BUNDLE_IDENTIFIER = com.Montchat.AddressBook;
				PRODUCT_NAME = "$(TARGET_NAME)";
			};
			name = Debug;
		};
		DAA95F131D255573009FA590 /* Release */ = {
			isa = XCBuildConfiguration;
			buildSettings = {
				ASSETCATALOG_COMPILER_APPICON_NAME = AppIcon;
				INFOPLIST_FILE = AddressBook/Info.plist;
				LD_RUNPATH_SEARCH_PATHS = "$(inherited) @executable_path/Frameworks";
				PRODUCT_BUNDLE_IDENTIFIER = com.Montchat.AddressBook;
				PRODUCT_NAME = "$(TARGET_NAME)";
			};
			name = Release;
		};
/* End XCBuildConfiguration section */

/* Begin XCConfigurationList section */
		DAA95EFA1D255573009FA590 /* Build configuration list for PBXProject "AddressBook" */ = {
			isa = XCConfigurationList;
			buildConfigurations = (
				DAA95F0F1D255573009FA590 /* Debug */,
				DAA95F101D255573009FA590 /* Release */,
			);
			defaultConfigurationIsVisible = 0;
			defaultConfigurationName = Release;
		};
		DAA95F111D255573009FA590 /* Build configuration list for PBXNativeTarget "AddressBook" */ = {
			isa = XCConfigurationList;
			buildConfigurations = (
				DAA95F121D255573009FA590 /* Debug */,
				DAA95F131D255573009FA590 /* Release */,
			);
			defaultConfigurationIsVisible = 0;
		};
/* End XCConfigurationList section */
	};
	rootObject = DAA95EF71D255573009FA590 /* Project object */;
}
